
Microsoft Visual Studio Solution File, Format Version 12.00
# Visual Studio Version 16
VisualStudioVersion = 16.0.31624.102
MinimumVisualStudioVersion = 10.0.40219.1
Project("{FAE04EC0-301F-11D3-BF4B-00C04F79EFBC}") = "DockPanel", "DockPanel.csproj", "{691A4537-02BC-41EB-9D9E-322ACDFAE1F7}"
EndProject
Global
	GlobalSection(SolutionConfigurationPlatforms) = preSolution
		Debug|Any CPU = Debug|Any CPU
		Release|Any CPU = Release|Any CPU
	EndGlobalSection
	GlobalSection(ProjectConfigurationPlatforms) = postSolution
		{691A4537-02BC-41EB-9D9E-322ACDFAE1F7}.Debug|Any CPU.ActiveCfg = Debug|Any CPU
		{691A4537-02BC-41EB-9D9E-322ACDFAE1F7}.Debug|Any CPU.Build.0 = Debug|Any CPU
		{691A4537-02BC-41EB-9D9E-322ACDFAE1F7}.Release|Any CPU.ActiveCfg = Release|Any CPU
		{691A4537-02BC-41EB-9D9E-322ACDFAE1F7}.Release|Any CPU.Build.0 = Release|Any CPU
	EndGlobalSection
	GlobalSection(SolutionProperties) = preSolution
		HideSolutionNode = FALSE
	EndGlobalSection
	GlobalSection(ExtensibilityGlobals) = postSolution
		SolutionGuid = {8CFA5DF2-6B4A-4430-842C-85685177873F}
	EndGlobalSection
EndGlobal
